
Microsoft Visual Studio Solution File, Format Version 12.00
# Visual Studio Version 17
VisualStudioVersion = 17.6.33723.286
MinimumVisualStudioVersion = 10.0.40219.1
Project("{FAE04EC0-301F-11D3-BF4B-00C04F79EFBC}") = "Ornek1", "Ornek1\Ornek1.csproj", "{3F82FA1A-0983-462A-B579-675EF2E5D7B9}"
EndProject
Global
	GlobalSection(SolutionConfigurationPlatforms) = preSolution
		Debug|Any CPU = Debug|Any CPU
		Release|Any CPU = Release|Any CPU
	EndGlobalSection
	GlobalSection(ProjectConfigurationPlatforms) = postSolution
		{3F82FA1A-0983-462A-B579-675EF2E5D7B9}.Debug|Any CPU.ActiveCfg = Debug|Any CPU
		{3F82FA1A-0983-462A-B579-675EF2E5D7B9}.Debug|Any CPU.Build.0 = Debug|Any CPU
		{3F82FA1A-0983-462A-B579-675EF2E5D7B9}.Release|Any CPU.ActiveCfg = Release|Any CPU
		{3F82FA1A-0983-462A-B579-675EF2E5D7B9}.Release|Any CPU.Build.0 = Release|Any CPU
	EndGlobalSection
	GlobalSection(SolutionProperties) = preSolution
		HideSolutionNode = FALSE
	EndGlobalSection
	GlobalSection(ExtensibilityGlobals) = postSolution
		SolutionGuid = {5B763DBE-5C82-4298-80FB-FBB76FF3FB00}
	EndGlobalSection
EndGlobal
